Microsoft Visual Studio Solution File, Format Version 12.00
# Visual Studio Version 17
VisualStudioVersion = 17.0.31903.59
MinimumVisualStudioVersion = 10.0.40219.1
Project("{FAE04EC0-301F-11D3-BF4B-00C04F79EFBC}") = "TeflonTed.Common", "common\TeflonTed.Common\TeflonTed.Common.csproj", "{A1000001-0000-4000-8000-000000000001}"
EndProject
Project("{FAE04EC0-301F-11D3-BF4B-00C04F79EFBC}") = "TeflonTed.CraftFromChests", "mods\CraftFromChests\TeflonTed.CraftFromChests.csproj", "{A1000002-0000-4000-8000-000000000002}"
EndProject
Project("{FAE04EC0-301F-11D3-BF4B-00C04F79EFBC}") = "TeflonTed.SortIntoChests", "mods\SortIntoChests\TeflonTed.SortIntoChests.csproj", "{A1000003-0000-4000-8000-000000000003}"
EndProject
Project("{FAE04EC0-301F-11D3-BF4B-00C04F79EFBC}") = "TeflonTed.NoOceanFog", "mods\NoOceanFog\TeflonTed.NoOceanFog.csproj", "{A1000004-0000-4000-8000-000000000004}"
EndProject
Project("{FAE04EC0-301F-11D3-BF4B-00C04F79EFBC}") = "TeflonTed.EternalLights", "mods\EternalLights\TeflonTed.EternalLights.csproj", "{A1000005-0000-4000-8000-000000000005}"
EndProject
Project("{FAE04EC0-301F-11D3-BF4B-00C04F79EFBC}") = "TeflonTed.AutoRepair", "mods\AutoRepair\TeflonTed.AutoRepair.csproj", "{A1000006-0000-4000-8000-000000000006}"
EndProject
Project("{FAE04EC0-301F-11D3-BF4B-00C04F79EFBC}") = "TeflonTed.EverythingFloats", "mods\EverythingFloats\TeflonTed.EverythingFloats.csproj", "{A1000007-0000-4000-8000-000000000007}"
EndProject
Project("{FAE04EC0-301F-11D3-BF4B-00C04F79EFBC}") = "TeflonTed.FuelFromChests", "mods\FuelFromChests\TeflonTed.FuelFromChests.csproj", "{A1000008-0000-4000-8000-000000000008}"
EndProject
Project("{FAE04EC0-301F-11D3-BF4B-00C04F79EFBC}") = "TeflonTed.FuelFromGround", "mods\FuelFromGround\TeflonTed.FuelFromGround.csproj", "{A1000009-0000-4000-8000-000000000009}"
EndProject
Project("{FAE04EC0-301F-11D3-BF4B-00C04F79EFBC}") = "TeflonTed.AutoEat", "mods\AutoEat\TeflonTed.AutoEat.csproj", "{A100000A-0000-4000-8000-00000000000A}"
EndProject
Global
	GlobalSection(SolutionConfigurationPlatforms) = preSolution
		Debug|Any CPU = Debug|Any CPU
		Release|Any CPU = Release|Any CPU
	EndGlobalSection
	GlobalSection(ProjectConfigurationPlatforms) = postSolution
		{A1000001-0000-4000-8000-000000000001}.Debug|Any CPU.ActiveCfg = Debug|Any CPU
		{A1000001-0000-4000-8000-000000000001}.Debug|Any CPU.Build.0 = Debug|Any CPU
		{A1000001-0000-4000-8000-000000000001}.Release|Any CPU.ActiveCfg = Release|Any CPU
		{A1000001-0000-4000-8000-000000000001}.Release|Any CPU.Build.0 = Release|Any CPU
		{A1000002-0000-4000-8000-000000000002}.Debug|Any CPU.ActiveCfg = Debug|Any CPU
		{A1000002-0000-4000-8000-000000000002}.Debug|Any CPU.Build.0 = Debug|Any CPU
		{A1000002-0000-4000-8000-000000000002}.Release|Any CPU.ActiveCfg = Release|Any CPU
		{A1000002-0000-4000-8000-000000000002}.Release|Any CPU.Build.0 = Release|Any CPU
		{A1000003-0000-4000-8000-000000000003}.Debug|Any CPU.ActiveCfg = Debug|Any CPU
		{A1000003-0000-4000-8000-000000000003}.Debug|Any CPU.Build.0 = Debug|Any CPU
		{A1000003-0000-4000-8000-000000000003}.Release|Any CPU.ActiveCfg = Release|Any CPU
		{A1000003-0000-4000-8000-000000000003}.Release|Any CPU.Build.0 = Release|Any CPU
		{A1000004-0000-4000-8000-000000000004}.Debug|Any CPU.ActiveCfg = Debug|Any CPU
		{A1000004-0000-4000-8000-000000000004}.Debug|Any CPU.Build.0 = Debug|Any CPU
		{A1000004-0000-4000-8000-000000000004}.Release|Any CPU.ActiveCfg = Release|Any CPU
		{A1000004-0000-4000-8000-000000000004}.Release|Any CPU.Build.0 = Release|Any CPU
		{A1000005-0000-4000-8000-000000000005}.Debug|Any CPU.ActiveCfg = Debug|Any CPU
		{A1000005-0000-4000-8000-000000000005}.Debug|Any CPU.Build.0 = Debug|Any CPU
		{A1000005-0000-4000-8000-000000000005}.Release|Any CPU.ActiveCfg = Release|Any CPU
		{A1000005-0000-4000-8000-000000000005}.Release|Any CPU.Build.0 = Release|Any CPU
		{A1000006-0000-4000-8000-000000000006}.Debug|Any CPU.ActiveCfg = Debug|Any CPU
		{A1000006-0000-4000-8000-000000000006}.Debug|Any CPU.Build.0 = Debug|Any CPU
		{A1000006-0000-4000-8000-000000000006}.Release|Any CPU.ActiveCfg = Release|Any CPU
		{A1000006-0000-4000-8000-000000000006}.Release|Any CPU.Build.0 = Release|Any CPU
		{A1000007-0000-4000-8000-000000000007}.Debug|Any CPU.ActiveCfg = Debug|Any CPU
		{A1000007-0000-4000-8000-000000000007}.Debug|Any CPU.Build.0 = Debug|Any CPU
		{A1000007-0000-4000-8000-000000000007}.Release|Any CPU.ActiveCfg = Release|Any CPU
		{A1000007-0000-4000-8000-000000000007}.Release|Any CPU.Build.0 = Release|Any CPU
		{A1000008-0000-4000-8000-000000000008}.Debug|Any CPU.ActiveCfg = Debug|Any CPU
		{A1000008-0000-4000-8000-000000000008}.Debug|Any CPU.Build.0 = Debug|Any CPU
		{A1000008-0000-4000-8000-000000000008}.Release|Any CPU.ActiveCfg = Release|Any CPU
		{A1000008-0000-4000-8000-000000000008}.Release|Any CPU.Build.0 = Release|Any CPU
		{A1000009-0000-4000-8000-000000000009}.Debug|Any CPU.ActiveCfg = Debug|Any CPU
		{A1000009-0000-4000-8000-000000000009}.Debug|Any CPU.Build.0 = Debug|Any CPU
		{A1000009-0000-4000-8000-000000000009}.Release|Any CPU.ActiveCfg = Release|Any CPU
		{A1000009-0000-4000-8000-000000000009}.Release|Any CPU.Build.0 = Release|Any CPU
		{A100000A-0000-4000-8000-00000000000A}.Debug|Any CPU.ActiveCfg = Debug|Any CPU
		{A100000A-0000-4000-8000-00000000000A}.Debug|Any CPU.Build.0 = Debug|Any CPU
		{A100000A-0000-4000-8000-00000000000A}.Release|Any CPU.ActiveCfg = Release|Any CPU
		{A100000A-0000-4000-8000-00000000000A}.Release|Any CPU.Build.0 = Release|Any CPU
	EndGlobalSection
EndGlobal
